GEM
  remote: https://rubygems.org/
  specs:
    activesupport (8.1.3)
      base64
      bigdecimal
      concurrent-ruby (~> 1.0, >= 1.3.1)
      connection_pool (>= 2.2.5)
      drb
      i18n (>= 1.6, < 2)
      json
      logger (>= 1.4.2)
      minitest (>= 5.1)
      securerandom (>= 0.3)
      tzinfo (~> 2.0, >= 2.0.5)
      uri (>= 0.13.1)
    base64 (0.3.0)
    bcrypt_pbkdf (1.1.2)
    bcrypt_pbkdf (1.1.2-arm64-darwin)
    bcrypt_pbkdf (1.1.2-x86_64-darwin)
    bigdecimal (4.1.1)
    concurrent-ruby (1.3.6)
    connection_pool (3.0.2)
    dotenv (3.2.0)
    drb (2.2.3)
    dry-cli (1.4.1)
    ed25519 (1.4.0)
    i18n (1.14.8)
      concurrent-ruby (~> 1.0)
    json (2.19.3)
    kamal (2.11.0)
      activesupport (>= 7.0)
      base64 (~> 0.2)
      bcrypt_pbkdf (~> 1.0)
      concurrent-ruby (~> 1.2)
      dotenv (~> 3.1)
      ed25519 (~> 1.4)
      net-ssh (~> 7.3)
      sshkit (>= 1.23.0, < 2.0)
      thor (~> 1.3)
      zeitwerk (>= 2.6.18, < 3.0)
    lipgloss (0.2.2)
    lipgloss (0.2.2-aarch64-linux-gnu)
    lipgloss (0.2.2-aarch64-linux-musl)
    lipgloss (0.2.2-arm-linux-gnu)
    lipgloss (0.2.2-arm-linux-musl)
    lipgloss (0.2.2-arm64-darwin)
    lipgloss (0.2.2-x86-linux-gnu)
    lipgloss (0.2.2-x86-linux-musl)
    lipgloss (0.2.2-x86_64-darwin)
    lipgloss (0.2.2-x86_64-linux-gnu)
    lipgloss (0.2.2-x86_64-linux-musl)
    logger (1.7.0)
    minitest (6.0.3)
      drb (~> 2.0)
      prism (~> 1.5)
    net-scp (4.1.0)
      net-ssh (>= 2.6.5, < 8.0.0)
    net-sftp (4.0.0)
      net-ssh (>= 5.0.0, < 8.0.0)
    net-ssh (7.3.2)
    ostruct (0.6.3)
    pastel (0.8.0)
      tty-color (~> 0.5)
    prism (1.9.0)
    securerandom (0.4.1)
    sshkit (1.25.0)
      base64
      logger
      net-scp (>= 1.1.2)
      net-sftp (>= 2.1.2)
      net-ssh (>= 2.8.0)
      ostruct
    thor (1.5.0)
    tty-color (0.6.0)
    tty-cursor (0.7.1)
    tty-prompt (0.23.1)
      pastel (~> 0.8)
      tty-reader (~> 0.8)
    tty-reader (0.9.0)
      tty-cursor (~> 0.7)
      tty-screen (~> 0.8)
      wisper (~> 2.0)
    tty-screen (0.8.2)
    tzinfo (2.0.6)
      concurrent-ruby (~> 1.0)
    uri (1.1.1)
    wisper (2.0.1)
    zeitwerk (2.7.5)

PLATFORMS
  aarch64-linux-gnu
  aarch64-linux-musl
  arm-linux-gnu
  arm-linux-musl
  arm64-darwin
  ruby
  x86-linux-gnu
  x86-linux-musl
  x86_64-darwin
  x86_64-linux-gnu
  x86_64-linux-musl

DEPENDENCIES
  dry-cli (~> 1.2)
  kamal (~> 2.0)
  lipgloss (~> 0.2)
  tty-prompt (~> 0.23)

CHECKSUMS
  activesupport (8.1.3) sha256=21a5e0dfbd4c3ddd9e1317ec6a4d782fa226e7867dc70b0743acda81a1dca20e
  base64 (0.3.0) sha256=27337aeabad6ffae05c265c450490628ef3ebd4b67be58257393227588f5a97b
  bcrypt_pbkdf (1.1.2) sha256=c2414c23ce66869b3eb9f643d6a3374d8322dfb5078125c82792304c10b94cf6
  bcrypt_pbkdf (1.1.2-arm64-darwin) sha256=afdd6feb6ed5a97b8e44caacb3f2d641b98af78e6a516d4a3520b69af5cf9fea
  bcrypt_pbkdf (1.1.2-x86_64-darwin) sha256=35f5639d0058e6c2cc2f856f9c0b14080543268d3047abe6bc81c513093caa0e
  bigdecimal (4.1.1) sha256=1c09efab961da45203c8316b0cdaec0ff391dfadb952dd459584b63ebf8054ca
  concurrent-ruby (1.3.6) sha256=6b56837e1e7e5292f9864f34b69c5a2cbc75c0cf5338f1ce9903d10fa762d5ab
  connection_pool (3.0.2) sha256=33fff5ba71a12d2aa26cb72b1db8bba2a1a01823559fb01d29eb74c286e62e0a
  dotenv (3.2.0) sha256=e375b83121ea7ca4ce20f214740076129ab8514cd81378161f11c03853fe619d
  drb (2.2.3) sha256=0b00d6fdb50995fe4a45dea13663493c841112e4068656854646f418fda13373
  dry-cli (1.4.1) sha256=b8015bb76c708aa8705a36faf694973e75eeeffca39b89c8e172dc6f66a7d874
  ed25519 (1.4.0) sha256=16e97f5198689a154247169f3453ef4cfd3f7a47481fde0ae33206cdfdcac506
  i18n (1.14.8) sha256=285778639134865c5e0f6269e0b818256017e8cde89993fdfcbfb64d088824a5
  json (2.19.3) sha256=289b0bb53052a1fa8c34ab33cc750b659ba14a5c45f3fcf4b18762dc67c78646
  kamal (2.11.0) sha256=1408864425e0dec7e0a14d712a3b13f614e9f3a425b7661d3f9d287a51d7dd75
  lipgloss (0.2.2) sha256=d803bef2ce53aa7b113d032a4e1f8d3f6fb1841532b379c0b2bfff23a3af85e9
  lipgloss (0.2.2-aarch64-linux-gnu) sha256=cb2e5db7fc14d85ec919223b5d16ad6d7be0ced096fec60e9f6e253d1c8718cd
  lipgloss (0.2.2-aarch64-linux-musl) sha256=e9c445531db8aa85efceeab73f09530dc53ed8f5b61aa78ab7fe2d6afb179b30
  lipgloss (0.2.2-arm-linux-gnu) sha256=e3f7424f430dd746f6d00bb587192e54f3fdd90a7fac3447da42b23d432952e8
  lipgloss (0.2.2-arm-linux-musl) sha256=16f76a7a161d5b7ed083167619760ab658bfc4f2c0bd4eecd518e05ad11c3f46
  lipgloss (0.2.2-arm64-darwin) sha256=fed911706463ed21d249eace2224cd39323e94f4ab2a55ff6763b358b780d18f
  lipgloss (0.2.2-x86-linux-gnu) sha256=097344416c54f1290543d2320f3816663c44ccd92912df2ac0cdf15988658e08
  lipgloss (0.2.2-x86-linux-musl) sha256=50cca3b79d3164894c71070a3cfe6d9d6d6a38d02e8598269543201dd50b0f5a
  lipgloss (0.2.2-x86_64-darwin) sha256=6f5bab39a31f38995c5fb964ca0a1f84af0102814b4406f8ca96f30da54e112e
  lipgloss (0.2.2-x86_64-linux-gnu) sha256=99b26dfc4eaa2bf2dfd9823f0894a06ef0b8f7f773db70ae8905d1c5d9d663ad
  lipgloss (0.2.2-x86_64-linux-musl) sha256=a05ebd4d16a441bbe657fafb269d0f9e6d89a1124b3288264efedc427b007703
  logger (1.7.0) sha256=196edec7cc44b66cfb40f9755ce11b392f21f7967696af15d274dde7edff0203
  minitest (6.0.3) sha256=88ac8a1de36c00692420e7cb3cc11a0773bbcb126aee1c249f320160a7d11411
  net-scp (4.1.0) sha256=a99b0b92a1e5d360b0de4ffbf2dc0c91531502d3d4f56c28b0139a7c093d1a5d
  net-sftp (4.0.0) sha256=65bb91c859c2f93b09826757af11b69af931a3a9155050f50d1b06d384526364
  net-ssh (7.3.2) sha256=65029e213c380e20e5fd92ece663934ab0a0fe888e0cd7cc6a5b664074362dd4
  ostruct (0.6.3) sha256=95a2ed4a4bd1d190784e666b47b2d3f078e4a9efda2fccf18f84ddc6538ed912
  pastel (0.8.0) sha256=481da9fb7d2f6e6b1a08faf11fa10363172dc40fd47848f096ae21209f805a75
  prism (1.9.0) sha256=7b530c6a9f92c24300014919c9dcbc055bf4cdf51ec30aed099b06cd6674ef85
  securerandom (0.4.1) sha256=cc5193d414a4341b6e225f0cb4446aceca8e50d5e1888743fac16987638ea0b1
  sshkit (1.25.0) sha256=c8c6543cdb60f91f1d277306d585dd11b6a064cb44eab0972827e4311ff96744
  thor (1.5.0) sha256=e3a9e55fe857e44859ce104a84675ab6e8cd59c650a49106a05f55f136425e73
  tty-color (0.6.0) sha256=6f9c37ca3a4e2367fb2e6d09722762647d6f455c111f05b59f35730eeb24332a
  tty-cursor (0.7.1) sha256=79534185e6a777888d88628b14b6a1fdf5154a603f285f80b1753e1908e0bf48
  tty-prompt (0.23.1) sha256=fcdbce905238993f27eecfdf67597a636bc839d92192f6a0eef22b8166449ec8
  tty-reader (0.9.0) sha256=c62972c985c0b1566f0e56743b6a7882f979d3dc32ff491ed490a076f899c2b1
  tty-screen (0.8.2) sha256=c090652115beae764336c28802d633f204fb84da93c6a968aa5d8e319e819b50
  tzinfo (2.0.6) sha256=8daf828cc77bcf7d63b0e3bdb6caa47e2272dcfaf4fbfe46f8c3a9df087a829b
  uri (1.1.1) sha256=379fa58d27ffb1387eaada68c749d1426738bd0f654d812fcc07e7568f5c57c6
  wisper (2.0.1) sha256=ce17bc5c3a166f241a2e6613848b025c8146fce2defba505920c1d1f3f88fae6
  zeitwerk (2.7.5) sha256=d8da92128c09ea6ec62c949011b00ed4a20242b255293dd66bf41545398f73dd

RUBY VERSION
  ruby 3.3.5

BUNDLED WITH
  4.0.6
